
Microsoft Visual Studio Solution File, Format Version 12.00
Project("{FAE04EC0-301F-11D3-BF4B-00C04F79EFBC}") = "Convenient.Studio", "Convenient.Studio\Convenient.Studio.csproj", "{1F034BB5-38C5-4DF8-AC43-0D32EDFCD9AF}"
EndProject
Global
	GlobalSection(SolutionConfigurationPlatforms) = preSolution
		Debug|Any CPU = Debug|Any CPU
		Release|Any CPU = Release|Any CPU
	EndGlobalSection
	GlobalSection(ProjectConfigurationPlatforms) = postSolution
		{1F034BB5-38C5-4DF8-AC43-0D32EDFCD9AF}.Debug|Any CPU.ActiveCfg = Debug|Any CPU
		{1F034BB5-38C5-4DF8-AC43-0D32EDFCD9AF}.Debug|Any CPU.Build.0 = Debug|Any CPU
		{1F034BB5-38C5-4DF8-AC43-0D32EDFCD9AF}.Release|Any CPU.ActiveCfg = Release|Any CPU
		{1F034BB5-38C5-4DF8-AC43-0D32EDFCD9AF}.Release|Any CPU.Build.0 = Release|Any CPU
	EndGlobalSection
EndGlobal
